
Microsoft Visual Studio Solution File, Format Version 12.00
Project("{FAE04EC0-301F-11D3-BF4B-00C04F79EFBC}") = "SkiaSharp.Gradient", "SkiaSharp.Gradient\SkiaSharp.Gradient.csproj", "{7A11F6D6-0D78-467D-85D9-9BA3EE1109BE}"
EndProject
Global
	GlobalSection(SolutionConfigurationPlatforms) = preSolution
		Debug|Any CPU = Debug|Any CPU
		Release|Any CPU = Release|Any CPU
	EndGlobalSection
	GlobalSection(ProjectConfigurationPlatforms) = postSolution
		{7A11F6D6-0D78-467D-85D9-9BA3EE1109BE}.Debug|Any CPU.ActiveCfg = Debug|Any CPU
		{7A11F6D6-0D78-467D-85D9-9BA3EE1109BE}.Debug|Any CPU.Build.0 = Debug|Any CPU
		{7A11F6D6-0D78-467D-85D9-9BA3EE1109BE}.Release|Any CPU.ActiveCfg = Release|Any CPU
		{7A11F6D6-0D78-467D-85D9-9BA3EE1109BE}.Release|Any CPU.Build.0 = Release|Any CPU
	EndGlobalSection
EndGlobal
